// !$*UTF8*$!
{
	archiveVersion = 1;
	classes = {
	};
	objectVersion = 50;
	objects = {

/* Begin PBXBuildFile section */
		DF97976526CAC99100EABFB4 /* AppDelegate.swift in Sources */ = {isa = PBXBuildFile; fileRef = DF97976426CAC99100EABFB4 /* AppDelegate.swift */; };
		DF97976726CAC99100EABFB4 /* SceneDelegate.swift in Sources */ = {isa = PBXBuildFile; fileRef = DF97976626CAC99100EABFB4 /* SceneDelegate.swift */; };
		DF97976926CAC99100EABFB4 /* ViewController.swift in Sources */ = {isa = PBXBuildFile; fileRef = DF97976826CAC99100EABFB4 /* ViewController.swift */; };
		DF97976C26CAC99100EABFB4 /* Main.storyboard in Resources */ = {isa = PBXBuildFile; fileRef = DF97976A26CAC99100EABFB4 /* Main.storyboard */; };
		DF97976E26CAC99500EABFB4 /* Assets.xcassets in Resources */ = {isa = PBXBuildFile; fileRef = DF97976D26CAC99500EABFB4 /* Assets.xcassets */; };
		DF97977126CAC99500EABFB4 /* LaunchScreen.storyboard in Resources */ = {isa = PBXBuildFile; fileRef = DF97976F26CAC99500EABFB4 /* LaunchScreen.storyboard */; };
		DF97977926CADB1400EABFB4 /* HomeViewController.swift in Sources */ = {isa = PBXBuildFile; fileRef = DF97977826CADB1400EABFB4 /* HomeViewController.swift */; };
		DF97977E26CADB6A00EABFB4 /* HomeViewPresenter.swift in Sources */ = {isa = PBXBuildFile; fileRef = DF97977D26CADB6A00EABFB4 /* HomeViewPresenter.swift */; };
		DF97978226CADBB500EABFB4 /* HomeViewModel.swift in Sources */ = {isa = PBXBuildFile; fileRef = DF97978126CADBB500EABFB4 /* HomeViewModel.swift */; };
		DF97978426CADC2200EABFB4 /* HomeViewControllerProtocol.swift in Sources */ = {isa = PBXBuildFile; fileRef = DF97978326CADC2200EABFB4 /* HomeViewControllerProtocol.swift */; };
		DF97978626CADC3B00EABFB4 /* HomeViewPresenterProtocol.swift in Sources */ = {isa = PBXBuildFile; fileRef = DF97978526CADC3B00EABFB4 /* HomeViewPresenterProtocol.swift */; };
		DF97978826CAE09500EABFB4 /* ViewControllerFactory.swift in Sources */ = {isa = PBXBuildFile; fileRef = DF97978726CAE09500EABFB4 /* ViewControllerFactory.swift */; };
		DF97978E26CAE57500EABFB4 /* UserViewController.swift in Sources */ = {isa = PBXBuildFile; fileRef = DF97978D26CAE57500EABFB4 /* UserViewController.swift */; };
		DF97979126CAE5FD00EABFB4 /* UserViewModel.swift in Sources */ = {isa = PBXBuildFile; fileRef = DF97979026CAE5FD00EABFB4 /* UserViewModel.swift */; };
		DF97979326CAE61000EABFB4 /* UserData.swift in Sources */ = {isa = PBXBuildFile; fileRef = DF97979226CAE61000EABFB4 /* UserData.swift */; };
		DF97979526CAE70A00EABFB4 /* UserViewController.storyboard in Resources */ = {isa = PBXBuildFile; fileRef = DF97979426CAE70A00EABFB4 /* UserViewController.storyboard */; };
/* End PBXBuildFile section */

/* Begin PBXFileReference section */
		DF97976126CAC99100EABFB4 /* Lesson_32.app */ = {isa = PBXFileReference; explicitFileType = wrapper.application; includeInIndex = 0; path = Lesson_32.app; sourceTree = BUILT_PRODUCTS_DIR; };
		DF97976426CAC99100EABFB4 /* AppDelegate.swift */ = {isa = PBXFileReference; lastKnownFileType = sourcecode.swift; path = AppDelegate.swift; sourceTree = "<group>"; };
		DF97976626CAC99100EABFB4 /* SceneDelegate.swift */ = {isa = PBXFileReference; lastKnownFileType = sourcecode.swift; path = SceneDelegate.swift; sourceTree = "<group>"; };
		DF97976826CAC99100EABFB4 /* ViewController.swift */ = {isa = PBXFileReference; lastKnownFileType = sourcecode.swift; path = ViewController.swift; sourceTree = "<group>"; };
		DF97976B26CAC99100EABFB4 /* Base */ = {isa = PBXFileReference; lastKnownFileType = file.storyboard; name = Base; path = Base.lproj/Main.storyboard; sourceTree = "<group>"; };
		DF97976D26CAC99500EABFB4 /* Assets.xcassets */ = {isa = PBXFileReference; lastKnownFileType = folder.assetcatalog; path = Assets.xcassets; sourceTree = "<group>"; };
		DF97977026CAC99500EABFB4 /* Base */ = {isa = PBXFileReference; lastKnownFileType = file.storyboard; name = Base; path = Base.lproj/LaunchScreen.storyboard; sourceTree = "<group>"; };
		DF97977226CAC99500EABFB4 /* Info.plist */ = {isa = PBXFileReference; lastKnownFileType = text.plist.xml; path = Info.plist; sourceTree = "<group>"; };
		DF97977826CADB1400EABFB4 /* HomeViewController.swift */ = {isa = PBXFileReference; lastKnownFileType = sourcecode.swift; path = HomeViewController.swift; sourceTree = "<group>"; };
		DF97977D26CADB6A00EABFB4 /* HomeViewPresenter.swift */ = {isa = PBXFileReference; lastKnownFileType = sourcecode.swift; path = HomeViewPresenter.swift; sourceTree = "<group>"; };
		DF97978126CADBB500EABFB4 /* HomeViewModel.swift */ = {isa = PBXFileReference; lastKnownFileType = sourcecode.swift; path = HomeViewModel.swift; sourceTree = "<group>"; };
		DF97978326CADC2200EABFB4 /* HomeViewControllerProtocol.swift */ = {isa = PBXFileReference; lastKnownFileType = sourcecode.swift; path = HomeViewControllerProtocol.swift; sourceTree = "<group>"; };
		DF97978526CADC3B00EABFB4 /* HomeViewPresenterProtocol.swift */ = {isa = PBXFileReference; lastKnownFileType = sourcecode.swift; path = HomeViewPresenterProtocol.swift; sourceTree = "<group>"; };
		DF97978726CAE09500EABFB4 /* ViewControllerFactory.swift */ = {isa = PBXFileReference; lastKnownFileType = sourcecode.swift; path = ViewControllerFactory.swift; sourceTree = "<group>"; };
		DF97978D26CAE57500EABFB4 /* UserViewController.swift */ = {isa = PBXFileReference; lastKnownFileType = sourcecode.swift; path = UserViewController.swift; sourceTree = "<group>"; };
		DF97979026CAE5FD00EABFB4 /* UserViewModel.swift */ = {isa = PBXFileReference; lastKnownFileType = sourcecode.swift; path = UserViewModel.swift; sourceTree = "<group>"; };
		DF97979226CAE61000EABFB4 /* UserData.swift */ = {isa = PBXFileReference; lastKnownFileType = sourcecode.swift; path = UserData.swift; sourceTree = "<group>"; };
		DF97979426CAE70A00EABFB4 /* UserViewController.storyboard */ = {isa = PBXFileReference; lastKnownFileType = file.storyboard; path = UserViewController.storyboard; sourceTree = "<group>"; };
/* End PBXFileReference section */

/* Begin PBXFrameworksBuildPhase section */
		DF97975E26CAC99100EABFB4 /* Frameworks */ = {
			isa = PBXFrameworksBuildPhase;
			buildActionMask = 2147483647;
			files = (
			);
			runOnlyForDeploymentPostprocessing = 0;
		};
/* End PBXFrameworksBuildPhase section */

/* Begin PBXGroup section */
		DF97975826CAC99100EABFB4 = {
			isa = PBXGroup;
			children = (
				DF97976326CAC99100EABFB4 /* Lesson_32 */,
				DF97976226CAC99100EABFB4 /* Products */,
			);
			sourceTree = "<group>";
		};
		DF97976226CAC99100EABFB4 /* Products */ = {
			isa = PBXGroup;
			children = (
				DF97976126CAC99100EABFB4 /* Lesson_32.app */,
			);
			name = Products;
			sourceTree = "<group>";
		};
		DF97976326CAC99100EABFB4 /* Lesson_32 */ = {
			isa = PBXGroup;
			children = (
				DF97976426CAC99100EABFB4 /* AppDelegate.swift */,
				DF97976626CAC99100EABFB4 /* SceneDelegate.swift */,
				DF97976826CAC99100EABFB4 /* ViewController.swift */,
				DF97977A26CADB1A00EABFB4 /* Scenes */,
				DF97976A26CAC99100EABFB4 /* Main.storyboard */,
				DF97978726CAE09500EABFB4 /* ViewControllerFactory.swift */,
				DF97976D26CAC99500EABFB4 /* Assets.xcassets */,
				DF97976F26CAC99500EABFB4 /* LaunchScreen.storyboard */,
				DF97977226CAC99500EABFB4 /* Info.plist */,
			);
			path = Lesson_32;
			sourceTree = "<group>";
		};
		DF97977A26CADB1A00EABFB4 /* Scenes */ = {
			isa = PBXGroup;
			children = (
				DF97978926CAE53000EABFB4 /* UserScene */,
				DF97977B26CADB2700EABFB4 /* HomeScene */,
			);
			path = Scenes;
			sourceTree = "<group>";
		};
		DF97977B26CADB2700EABFB4 /* HomeScene */ = {
			isa = PBXGroup;
			children = (
				DF97978026CADB9C00EABFB4 /* Model */,
				DF97977C26CADB4000EABFB4 /* ViewController */,
				DF97977F26CADB7200EABFB4 /* Presenter */,
			);
			path = HomeScene;
			sourceTree = "<group>";
		};
		DF97977C26CADB4000EABFB4 /* ViewController */ = {
			isa = PBXGroup;
			children = (
				DF97977826CADB1400EABFB4 /* HomeViewController.swift */,
				DF97978326CADC2200EABFB4 /* HomeViewControllerProtocol.swift */,
			);
			path = ViewController;
			sourceTree = "<group>";
		};
		DF97977F26CADB7200EABFB4 /* Presenter */ = {
			isa = PBXGroup;
			children = (
				DF97977D26CADB6A00EABFB4 /* HomeViewPresenter.swift */,
				DF97978526CADC3B00EABFB4 /* HomeViewPresenterProtocol.swift */,
			);
			path = Presenter;
			sourceTree = "<group>";
		};
		DF97978026CADB9C00EABFB4 /* Model */ = {
			isa = PBXGroup;
			children = (
				DF97978126CADBB500EABFB4 /* HomeViewModel.swift */,
			);
			path = Model;
			sourceTree = "<group>";
		};
		DF97978926CAE53000EABFB4 /* UserScene */ = {
			isa = PBXGroup;
			children = (
				DF97978C26CAE56300EABFB4 /* View */,
				DF97978B26CAE55A00EABFB4 /* ViewModel */,
				DF97978A26CAE54A00EABFB4 /* Model */,
			);
			path = UserScene;
			sourceTree = "<group>";
		};
		DF97978A26CAE54A00EABFB4 /* Model */ = {
			isa = PBXGroup;
			children = (
				DF97979226CAE61000EABFB4 /* UserData.swift */,
			);
			path = Model;
			sourceTree = "<group>";
		};
		DF97978B26CAE55A00EABFB4 /* ViewModel */ = {
			isa = PBXGroup;
			children = (
				DF97979026CAE5FD00EABFB4 /* UserViewModel.swift */,
			);
			path = ViewModel;
			sourceTree = "<group>";
		};
		DF97978C26CAE56300EABFB4 /* View */ = {
			isa = PBXGroup;
			children = (
				DF97978D26CAE57500EABFB4 /* UserViewController.swift */,
				DF97979426CAE70A00EABFB4 /* UserViewController.storyboard */,
			);
			path = View;
			sourceTree = "<group>";
		};
/* End PBXGroup section */

/* Begin PBXNativeTarget section */
		DF97976026CAC99100EABFB4 /* Lesson_32 */ = {
			isa = PBXNativeTarget;
			buildConfigurationList = DF97977526CAC99500EABFB4 /* Build configuration list for PBXNativeTarget "Lesson_32" */;
			buildPhases = (
				DF97975D26CAC99100EABFB4 /* Sources */,
				DF97975E26CAC99100EABFB4 /* Frameworks */,
				DF97975F26CAC99100EABFB4 /* Resources */,
			);
			buildRules = (
			);
			dependencies = (
			);
			name = Lesson_32;
			productName = Lesson_32;
			productReference = DF97976126CAC99100EABFB4 /* Lesson_32.app */;
			productType = "com.apple.product-type.application";
		};
/* End PBXNativeTarget section */

/* Begin PBXProject section */
		DF97975926CAC99100EABFB4 /* Project object */ = {
			isa = PBXProject;
			attributes = {
				LastSwiftUpdateCheck = 1250;
				LastUpgradeCheck = 1250;
				TargetAttributes = {
					DF97976026CAC99100EABFB4 = {
						CreatedOnToolsVersion = 12.5;
					};
				};
			};
			buildConfigurationList = DF97975C26CAC99100EABFB4 /* Build configuration list for PBXProject "Lesson_32" */;
			compatibilityVersion = "Xcode 9.3";
			developmentRegion = en;
			hasScannedForEncodings = 0;
			knownRegions = (
				en,
				Base,
			);
			mainGroup = DF97975826CAC99100EABFB4;
			productRefGroup = DF97976226CAC99100EABFB4 /* Products */;
			projectDirPath = "";
			projectRoot = "";
			targets = (
				DF97976026CAC99100EABFB4 /* Lesson_32 */,
			);
		};
/* End PBXProject section */

/* Begin PBXResourcesBuildPhase section */
		DF97975F26CAC99100EABFB4 /* Resources */ = {
			isa = PBXResourcesBuildPhase;
			buildActionMask = 2147483647;
			files = (
				DF97977126CAC99500EABFB4 /* LaunchScreen.storyboard in Resources */,
				DF97976E26CAC99500EABFB4 /* Assets.xcassets in Resources */,
				DF97979526CAE70A00EABFB4 /* UserViewController.storyboard in Resources */,
				DF97976C26CAC99100EABFB4 /* Main.storyboard in Resources */,
			);
			runOnlyForDeploymentPostprocessing = 0;
		};
/* End PBXResourcesBuildPhase section */

/* Begin PBXSourcesBuildPhase section */
		DF97975D26CAC99100EABFB4 /* Sources */ = {
			isa = PBXSourcesBuildPhase;
			buildActionMask = 2147483647;
			files = (
				DF97978626CADC3B00EABFB4 /* HomeViewPresenterProtocol.swift in Sources */,
				DF97979126CAE5FD00EABFB4 /* UserViewModel.swift in Sources */,
				DF97978E26CAE57500EABFB4 /* UserViewController.swift in Sources */,
				DF97976926CAC99100EABFB4 /* ViewController.swift in Sources */,
				DF97978226CADBB500EABFB4 /* HomeViewModel.swift in Sources */,
				DF97978826CAE09500EABFB4 /* ViewControllerFactory.swift in Sources */,
				DF97979326CAE61000EABFB4 /* UserData.swift in Sources */,
				DF97976526CAC99100EABFB4 /* AppDelegate.swift in Sources */,
				DF97976726CAC99100EABFB4 /* SceneDelegate.swift in Sources */,
				DF97977926CADB1400EABFB4 /* HomeViewController.swift in Sources */,
				DF97978426CADC2200EABFB4 /* HomeViewControllerProtocol.swift in Sources */,
				DF97977E26CADB6A00EABFB4 /* HomeViewPresenter.swift in Sources */,
			);
			runOnlyForDeploymentPostprocessing = 0;
		};
/* End PBXSourcesBuildPhase section */

/* Begin PBXVariantGroup section */
		DF97976A26CAC99100EABFB4 /* Main.storyboard */ = {
			isa = PBXVariantGroup;
			children = (
				DF97976B26CAC99100EABFB4 /* Base */,
			);
			name = Main.storyboard;
			sourceTree = "<group>";
		};
		DF97976F26CAC99500EABFB4 /* LaunchScreen.storyboard */ = {
			isa = PBXVariantGroup;
			children = (
				DF97977026CAC99500EABFB4 /* Base */,
			);
			name = LaunchScreen.storyboard;
			sourceTree = "<group>";
		};
/* End PBXVariantGroup section */

/* Begin XCBuildConfiguration section */
		DF97977326CAC99500EABFB4 /* Debug */ = {
			isa = XCBuildConfiguration;
			buildSettings = {
				ALWAYS_SEARCH_USER_PATHS = NO;
				CLANG_ANALYZER_NONNULL = YES;
				CLANG_ANALYZER_NUMBER_OBJECT_CONVERSION = YES_AGGRESSIVE;
				CLANG_CXX_LANGUAGE_STANDARD = "gnu++14";
				CLANG_CXX_LIBRARY = "libc++";
				CLANG_ENABLE_MODULES = YES;
				CLANG_ENABLE_OBJC_ARC = YES;
				CLANG_ENABLE_OBJC_WEAK = YES;
				CLANG_WARN_BLOCK_CAPTURE_AUTORELEASING = YES;
				CLANG_WARN_BOOL_CONVERSION = YES;
				CLANG_WARN_COMMA = YES;
				CLANG_WARN_CONSTANT_CONVERSION = YES;
				CLANG_WARN_DEPRECATED_OBJC_IMPLEMENTATIONS = YES;
				CLANG_WARN_DIRECT_OBJC_ISA_USAGE = YES_ERROR;
				CLANG_WARN_DOCUMENTATION_COMMENTS = YES;
				CLANG_WARN_EMPTY_BODY = YES;
				CLANG_WARN_ENUM_CONVERSION = YES;
				CLANG_WARN_INFINITE_RECURSION = YES;
				CLANG_WARN_INT_CONVERSION = YES;
				CLANG_WARN_NON_LITERAL_NULL_CONVERSION = YES;
				CLANG_WARN_OBJC_IMPLICIT_RETAIN_SELF = YES;
				CLANG_WARN_OBJC_LITERAL_CONVERSION = YES;
				CLANG_WARN_OBJC_ROOT_CLASS = YES_ERROR;
				CLANG_WARN_QUOTED_INCLUDE_IN_FRAMEWORK_HEADER = YES;
				CLANG_WARN_RANGE_LOOP_ANALYSIS = YES;
				CLANG_WARN_STRICT_PROTOTYPES = YES;
				CLANG_WARN_SUSPICIOUS_MOVE = YES;
				CLANG_WARN_UNGUARDED_AVAILABILITY = YES_AGGRESSIVE;
				CLANG_WARN_UNREACHABLE_CODE = YES;
				CLANG_WARN__DUPLICATE_METHOD_MATCH = YES;
				COPY_PHASE_STRIP = NO;
				DEBUG_INFORMATION_FORMAT = dwarf;
				ENABLE_STRICT_OBJC_MSGSEND = YES;
				ENABLE_TESTABILITY = YES;
				GCC_C_LANGUAGE_STANDARD = gnu11;
				GCC_DYNAMIC_NO_PIC = NO;
				GCC_NO_COMMON_BLOCKS = YES;
				GCC_OPTIMIZATION_LEVEL = 0;
				GCC_PREPROCESSOR_DEFINITIONS = (
					"DEBUG=1",
					"$(inherited)",
				);
				GCC_WARN_64_TO_32_BIT_CONVERSION = YES;
				GCC_WARN_ABOUT_RETURN_TYPE = YES_ERROR;
				GCC_WARN_UNDECLARED_SELECTOR = YES;
				GCC_WARN_UNINITIALIZED_AUTOS = YES_AGGRESSIVE;
				GCC_WARN_UNUSED_FUNCTION = YES;
				GCC_WARN_UNUSED_VARIABLE = YES;
				IPHONEOS_DEPLOYMENT_TARGET = 14.5;
				MTL_ENABLE_DEBUG_INFO = INCLUDE_SOURCE;
				MTL_FAST_MATH = YES;
				ONLY_ACTIVE_ARCH = YES;
				SDKROOT = iphoneos;
				SWIFT_ACTIVE_COMPILATION_CONDITIONS = DEBUG;
				SWIFT_OPTIMIZATION_LEVEL = "-Onone";
			};
			name = Debug;
		};
		DF97977426CAC99500EABFB4 /* Release */ = {
			isa = XCBuildConfiguration;
			buildSettings = {
				ALWAYS_SEARCH_USER_PATHS = NO;
				CLANG_ANALYZER_NONNULL = YES;
				CLANG_ANALYZER_NUMBER_OBJECT_CONVERSION = YES_AGGRESSIVE;
				CLANG_CXX_LANGUAGE_STANDARD = "gnu++14";
				CLANG_CXX_LIBRARY = "libc++";
				CLANG_ENABLE_MODULES = YES;
				CLANG_ENABLE_OBJC_ARC = YES;
				CLANG_ENABLE_OBJC_WEAK = YES;
				CLANG_WARN_BLOCK_CAPTURE_AUTORELEASING = YES;
				CLANG_WARN_BOOL_CONVERSION = YES;
				CLANG_WARN_COMMA = YES;
				CLANG_WARN_CONSTANT_CONVERSION = YES;
				CLANG_WARN_DEPRECATED_OBJC_IMPLEMENTATIONS = YES;
				CLANG_WARN_DIRECT_OBJC_ISA_USAGE = YES_ERROR;
				CLANG_WARN_DOCUMENTATION_COMMENTS = YES;
				CLANG_WARN_EMPTY_BODY = YES;
				CLANG_WARN_ENUM_CONVERSION = YES;
				CLANG_WARN_INFINITE_RECURSION = YES;
				CLANG_WARN_INT_CONVERSION = YES;
				CLANG_WARN_NON_LITERAL_NULL_CONVERSION = YES;
				CLANG_WARN_OBJC_IMPLICIT_RETAIN_SELF = YES;
				CLANG_WARN_OBJC_LITERAL_CONVERSION = YES;
				CLANG_WARN_OBJC_ROOT_CLASS = YES_ERROR;
				CLANG_WARN_QUOTED_INCLUDE_IN_FRAMEWORK_HEADER = YES;
				CLANG_WARN_RANGE_LOOP_ANALYSIS = YES;
				CLANG_WARN_STRICT_PROTOTYPES = YES;
				CLANG_WARN_SUSPICIOUS_MOVE = YES;
				CLANG_WARN_UNGUARDED_AVAILABILITY = YES_AGGRESSIVE;
				CLANG_WARN_UNREACHABLE_CODE = YES;
				CLANG_WARN__DUPLICATE_METHOD_MATCH = YES;
				COPY_PHASE_STRIP = NO;
				DEBUG_INFORMATION_FORMAT = "dwarf-with-dsym";
				ENABLE_NS_ASSERTIONS = NO;
				ENABLE_STRICT_OBJC_MSGSEND = YES;
				GCC_C_LANGUAGE_STANDARD = gnu11;
				GCC_NO_COMMON_BLOCKS = YES;
				GCC_WARN_64_TO_32_BIT_CONVERSION = YES;
				GCC_WARN_ABOUT_RETURN_TYPE = YES_ERROR;
				GCC_WARN_UNDECLARED_SELECTOR = YES;
				GCC_WARN_UNINITIALIZED_AUTOS = YES_AGGRESSIVE;
				GCC_WARN_UNUSED_FUNCTION = YES;
				GCC_WARN_UNUSED_VARIABLE = YES;
				IPHONEOS_DEPLOYMENT_TARGET = 14.5;
				MTL_ENABLE_DEBUG_INFO = NO;
				MTL_FAST_MATH = YES;
				SDKROOT = iphoneos;
				SWIFT_COMPILATION_MODE = wholemodule;
				SWIFT_OPTIMIZATION_LEVEL = "-O";
				VALIDATE_PRODUCT = YES;
			};
			name = Release;
		};
		DF97977626CAC99500EABFB4 /* Debug */ = {
			isa = XCBuildConfiguration;
			buildSettings = {
				ASSETCATALOG_COMPILER_APPICON_NAME = AppIcon;
				ASSETCATALOG_COMPILER_GLOBAL_ACCENT_COLOR_NAME = AccentColor;
				CODE_SIGN_STYLE = Automatic;
				DEVELOPMENT_TEAM = 8KD22UDLNC;
				INFOPLIST_FILE = Lesson_32/Info.plist;
				LD_RUNPATH_SEARCH_PATHS = (
					"$(inherited)",
					"@executable_path/Frameworks",
				);
				PRODUCT_BUNDLE_IDENTIFIER = "com.mbulat.www.Lesson-32";
				PRODUCT_NAME = "$(TARGET_NAME)";
				SWIFT_VERSION = 5.0;
				TARGETED_DEVICE_FAMILY = "1,2";
			};
			name = Debug;
		};
		DF97977726CAC99500EABFB4 /* Release */ = {
			isa = XCBuildConfiguration;
			buildSettings = {
				ASSETCATALOG_COMPILER_APPICON_NAME = AppIcon;
				ASSETCATALOG_COMPILER_GLOBAL_ACCENT_COLOR_NAME = AccentColor;
				CODE_SIGN_STYLE = Automatic;
				DEVELOPMENT_TEAM = 8KD22UDLNC;
				INFOPLIST_FILE = Lesson_32/Info.plist;
				LD_RUNPATH_SEARCH_PATHS = (
					"$(inherited)",
					"@executable_path/Frameworks",
				);
				PRODUCT_BUNDLE_IDENTIFIER = "com.mbulat.www.Lesson-32";
				PRODUCT_NAME = "$(TARGET_NAME)";
				SWIFT_VERSION = 5.0;
				TARGETED_DEVICE_FAMILY = "1,2";
			};
			name = Release;
		};
/* End XCBuildConfiguration section */

/* Begin XCConfigurationList section */
		DF97975C26CAC99100EABFB4 /* Build configuration list for PBXProject "Lesson_32" */ = {
			isa = XCConfigurationList;
			buildConfigurations = (
				DF97977326CAC99500EABFB4 /* Debug */,
				DF97977426CAC99500EABFB4 /* Release */,
			);
			defaultConfigurationIsVisible = 0;
			defaultConfigurationName = Release;
		};
		DF97977526CAC99500EABFB4 /* Build configuration list for PBXNativeTarget "Lesson_32" */ = {
			isa = XCConfigurationList;
			buildConfigurations = (
				DF97977626CAC99500EABFB4 /* Debug */,
				DF97977726CAC99500EABFB4 /* Release */,
			);
			defaultConfigurationIsVisible = 0;
			defaultConfigurationName = Release;
		};
/* End XCConfigurationList section */
	};
	rootObject = DF97975926CAC99100EABFB4 /* Project object */;
}
